
Microsoft Visual Studio Solution File, Format Version 12.00
# Visual Studio Version 17
VisualStudioVersion = 17.4.33110.190
MinimumVisualStudioVersion = 10.0.40219.1
Project("{FAE04EC0-301F-11D3-BF4B-00C04F79EFBC}") = "UniversityBackend", "BackendApp1\UniversityBackend.csproj", "{E4FCDAF2-BD31-4F9C-BD01-98C287365F56}"
EndProject
Global
	GlobalSection(SolutionConfigurationPlatforms) = preSolution
		Debug|Any CPU = Debug|Any CPU
		Release|Any CPU = Release|Any CPU
	EndGlobalSection
	GlobalSection(ProjectConfigurationPlatforms) = postSolution
		{E4FCDAF2-BD31-4F9C-BD01-98C287365F56}.Debug|Any CPU.ActiveCfg = Debug|Any CPU
		{E4FCDAF2-BD31-4F9C-BD01-98C287365F56}.Debug|Any CPU.Build.0 = Debug|Any CPU
		{E4FCDAF2-BD31-4F9C-BD01-98C287365F56}.Release|Any CPU.ActiveCfg = Release|Any CPU
		{E4FCDAF2-BD31-4F9C-BD01-98C287365F56}.Release|Any CPU.Build.0 = Release|Any CPU
	EndGlobalSection
	GlobalSection(SolutionProperties) = preSolution
		HideSolutionNode = FALSE
	EndGlobalSection
	GlobalSection(ExtensibilityGlobals) = postSolution
		SolutionGuid = {691E4E56-ACEC-4D94-8231-7778F3074B7F}
	EndGlobalSection
EndGlobal
